// !$*UTF8*$!
{
	archiveVersion = 1;
	classes = {
	};
	objectVersion = 48;
	objects = {

/* Begin PBXBuildFile section */
		88A33F3C1FDAA90D0072A3CA /* AppDelegate.swift in Sources */ = {isa = PBXBuildFile; fileRef = 88A33F3B1FDAA90D0072A3CA /* AppDelegate.swift */; };
		88A33F3E1FDAA90D0072A3CA /* ViewController.swift in Sources */ = {isa = PBXBuildFile; fileRef = 88A33F3D1FDAA90D0072A3CA /* ViewController.swift */; };
		88A33F411FDAA90D0072A3CA /* Main.storyboard in Resources */ = {isa = PBXBuildFile; fileRef = 88A33F3F1FDAA90D0072A3CA /* Main.storyboard */; };
		88A33F431FDAA90D0072A3CA /* Assets.xcassets in Resources */ = {isa = PBXBuildFile; fileRef = 88A33F421FDAA90D0072A3CA /* Assets.xcassets */; };
		88A33F461FDAA90D0072A3CA /* LaunchScreen.storyboard in Resources */ = {isa = PBXBuildFile; fileRef = 88A33F441FDAA90D0072A3CA /* LaunchScreen.storyboard */; };
		88A33F4E1FDAD8900072A3CA /* Post.swift in Sources */ = {isa = PBXBuildFile; fileRef = 88A33F4D1FDAD8900072A3CA /* Post.swift */; };
		8F70ABF12E954CCA04A92755 /* Pods_NetworkTest_cw19.framework in Frameworks */ = {isa = PBXBuildFile; fileRef = A9F95D6F9778648E37FF9BF6 /* Pods_NetworkTest_cw19.framework */; };
/* End PBXBuildFile section */

/* Begin PBXFileReference section */
		572772312DB4C7FC9F2E863E /* Pods-NetworkTest_cw19.release.xcconfig */ = {isa = PBXFileReference; includeInIndex = 1; lastKnownFileType = text.xcconfig; name = "Pods-NetworkTest_cw19.release.xcconfig"; path = "Pods/Target Support Files/Pods-NetworkTest_cw19/Pods-NetworkTest_cw19.release.xcconfig"; sourceTree = "<group>"; };
		88A33F381FDAA90D0072A3CA /* NetworkTest_cw19.app */ = {isa = PBXFileReference; explicitFileType = wrapper.application; includeInIndex = 0; path = NetworkTest_cw19.app; sourceTree = BUILT_PRODUCTS_DIR; };
		88A33F3B1FDAA90D0072A3CA /* AppDelegate.swift */ = {isa = PBXFileReference; lastKnownFileType = sourcecode.swift; path = AppDelegate.swift; sourceTree = "<group>"; };
		88A33F3D1FDAA90D0072A3CA /* ViewController.swift */ = {isa = PBXFileReference; lastKnownFileType = sourcecode.swift; path = ViewController.swift; sourceTree = "<group>"; };
		88A33F401FDAA90D0072A3CA /* Base */ = {isa = PBXFileReference; lastKnownFileType = file.storyboard; name = Base; path = Base.lproj/Main.storyboard; sourceTree = "<group>"; };
		88A33F421FDAA90D0072A3CA /* Assets.xcassets */ = {isa = PBXFileReference; lastKnownFileType = folder.assetcatalog; path = Assets.xcassets; sourceTree = "<group>"; };
		88A33F451FDAA90D0072A3CA /* Base */ = {isa = PBXFileReference; lastKnownFileType = file.storyboard; name = Base; path = Base.lproj/LaunchScreen.storyboard; sourceTree = "<group>"; };
		88A33F471FDAA90D0072A3CA /* Info.plist */ = {isa = PBXFileReference; lastKnownFileType = text.plist.xml; path = Info.plist; sourceTree = "<group>"; };
		88A33F4D1FDAD8900072A3CA /* Post.swift */ = {isa = PBXFileReference; lastKnownFileType = sourcecode.swift; path = Post.swift; sourceTree = "<group>"; };
		A9F95D6F9778648E37FF9BF6 /* Pods_NetworkTest_cw19.framework */ = {isa = PBXFileReference; explicitFileType = wrapper.framework; includeInIndex = 0; path = Pods_NetworkTest_cw19.framework; sourceTree = BUILT_PRODUCTS_DIR; };
		EB8F7B7ADB0220154C5AF939 /* Pods-NetworkTest_cw19.debug.xcconfig */ = {isa = PBXFileReference; includeInIndex = 1; lastKnownFileType = text.xcconfig; name = "Pods-NetworkTest_cw19.debug.xcconfig"; path = "Pods/Target Support Files/Pods-NetworkTest_cw19/Pods-NetworkTest_cw19.debug.xcconfig"; sourceTree = "<group>"; };
/* End PBXFileReference section */

/* Begin PBXFrameworksBuildPhase section */
		88A33F351FDAA90D0072A3CA /* Frameworks */ = {
			isa = PBXFrameworksBuildPhase;
			buildActionMask = 2147483647;
			files = (
				8F70ABF12E954CCA04A92755 /* Pods_NetworkTest_cw19.framework in Frameworks */,
			);
			runOnlyForDeploymentPostprocessing = 0;
		};
/* End PBXFrameworksBuildPhase section */

/* Begin PBXGroup section */
		580604A9E85502345831BF70 /* Pods */ = {
			isa = PBXGroup;
			children = (
				EB8F7B7ADB0220154C5AF939 /* Pods-NetworkTest_cw19.debug.xcconfig */,
				572772312DB4C7FC9F2E863E /* Pods-NetworkTest_cw19.release.xcconfig */,
			);
			name = Pods;
			sourceTree = "<group>";
		};
		88A33F2F1FDAA90D0072A3CA = {
			isa = PBXGroup;
			children = (
				88A33F3A1FDAA90D0072A3CA /* NetworkTest_cw19 */,
				88A33F391FDAA90D0072A3CA /* Products */,
				580604A9E85502345831BF70 /* Pods */,
				F34B9ECE05379E7E5BDC3BD6 /* Frameworks */,
			);
			sourceTree = "<group>";
		};
		88A33F391FDAA90D0072A3CA /* Products */ = {
			isa = PBXGroup;
			children = (
				88A33F381FDAA90D0072A3CA /* NetworkTest_cw19.app */,
			);
			name = Products;
			sourceTree = "<group>";
		};
		88A33F3A1FDAA90D0072A3CA /* NetworkTest_cw19 */ = {
			isa = PBXGroup;
			children = (
				88A33F4D1FDAD8900072A3CA /* Post.swift */,
				88A33F3B1FDAA90D0072A3CA /* AppDelegate.swift */,
				88A33F3D1FDAA90D0072A3CA /* ViewController.swift */,
				88A33F3F1FDAA90D0072A3CA /* Main.storyboard */,
				88A33F421FDAA90D0072A3CA /* Assets.xcassets */,
				88A33F441FDAA90D0072A3CA /* LaunchScreen.storyboard */,
				88A33F471FDAA90D0072A3CA /* Info.plist */,
			);
			path = NetworkTest_cw19;
			sourceTree = "<group>";
		};
		F34B9ECE05379E7E5BDC3BD6 /* Frameworks */ = {
			isa = PBXGroup;
			children = (
				A9F95D6F9778648E37FF9BF6 /* Pods_NetworkTest_cw19.framework */,
			);
			name = Frameworks;
			sourceTree = "<group>";
		};
/* End PBXGroup section */

/* Begin PBXNativeTarget section */
		88A33F371FDAA90D0072A3CA /* NetworkTest_cw19 */ = {
			isa = PBXNativeTarget;
			buildConfigurationList = 88A33F4A1FDAA90D0072A3CA /* Build configuration list for PBXNativeTarget "NetworkTest_cw19" */;
			buildPhases = (
				6E5C54727186498DC674EFD2 /* [CP] Check Pods Manifest.lock */,
				88A33F341FDAA90D0072A3CA /* Sources */,
				88A33F351FDAA90D0072A3CA /* Frameworks */,
				88A33F361FDAA90D0072A3CA /* Resources */,
				96EDD426080FF12204C9CA97 /* [CP] Embed Pods Frameworks */,
				6B3ED830A9F495E600F3EB1C /* [CP] Copy Pods Resources */,
			);
			buildRules = (
			);
			dependencies = (
			);
			name = NetworkTest_cw19;
			productName = NetworkTest_cw19;
			productReference = 88A33F381FDAA90D0072A3CA /* NetworkTest_cw19.app */;
			productType = "com.apple.product-type.application";
		};
/* End PBXNativeTarget section */

/* Begin PBXProject section */
		88A33F301FDAA90D0072A3CA /* Project object */ = {
			isa = PBXProject;
			attributes = {
				LastSwiftUpdateCheck = 0910;
				LastUpgradeCheck = 0910;
				ORGANIZATIONNAME = "Sergey Intern ";
				TargetAttributes = {
					88A33F371FDAA90D0072A3CA = {
						CreatedOnToolsVersion = 9.1;
						ProvisioningStyle = Automatic;
					};
				};
			};
			buildConfigurationList = 88A33F331FDAA90D0072A3CA /* Build configuration list for PBXProject "NetworkTest_cw19" */;
			compatibilityVersion = "Xcode 8.0";
			developmentRegion = en;
			hasScannedForEncodings = 0;
			knownRegions = (
				en,
				Base,
			);
			mainGroup = 88A33F2F1FDAA90D0072A3CA;
			productRefGroup = 88A33F391FDAA90D0072A3CA /* Products */;
			projectDirPath = "";
			projectRoot = "";
			targets = (
				88A33F371FDAA90D0072A3CA /* NetworkTest_cw19 */,
			);
		};
/* End PBXProject section */

/* Begin PBXResourcesBuildPhase section */
		88A33F361FDAA90D0072A3CA /* Resources */ = {
			isa = PBXResourcesBuildPhase;
			buildActionMask = 2147483647;
			files = (
				88A33F461FDAA90D0072A3CA /* LaunchScreen.storyboard in Resources */,
				88A33F431FDAA90D0072A3CA /* Assets.xcassets in Resources */,
				88A33F411FDAA90D0072A3CA /* Main.storyboard in Resources */,
			);
			runOnlyForDeploymentPostprocessing = 0;
		};
/* End PBXResourcesBuildPhase section */

/* Begin PBXShellScriptBuildPhase section */
		6B3ED830A9F495E600F3EB1C /* [CP] Copy Pods Resources */ = {
			isa = PBXShellScriptBuildPhase;
			buildActionMask = 2147483647;
			files = (
			);
			inputPaths = (
			);
			name = "[CP] Copy Pods Resources";
			outputPaths = (
			);
			runOnlyForDeploymentPostprocessing = 0;
			shellPath = /bin/sh;
			shellScript = "\"${SRCROOT}/Pods/Target Support Files/Pods-NetworkTest_cw19/Pods-NetworkTest_cw19-resources.sh\"\n";
			showEnvVarsInLog = 0;
		};
		6E5C54727186498DC674EFD2 /* [CP] Check Pods Manifest.lock */ = {
			isa = PBXShellScriptBuildPhase;
			buildActionMask = 2147483647;
			files = (
			);
			inputPaths = (
				"${PODS_PODFILE_DIR_PATH}/Podfile.lock",
				"${PODS_ROOT}/Manifest.lock",
			);
			name = "[CP] Check Pods Manifest.lock";
			outputPaths = (
				"$(DERIVED_FILE_DIR)/Pods-NetworkTest_cw19-checkManifestLockResult.txt",
			);
			runOnlyForDeploymentPostprocessing = 0;
			shellPath = /bin/sh;
			shellScript = "diff \"${PODS_PODFILE_DIR_PATH}/Podfile.lock\" \"${PODS_ROOT}/Manifest.lock\" > /dev/null\nif [ $? != 0 ] ; then\n    # print error to STDERR\n    echo \"error: The sandbox is not in sync with the Podfile.lock. Run 'pod install' or update your CocoaPods installation.\" >&2\n    exit 1\nfi\n# This output is used by Xcode 'outputs' to avoid re-running this script phase.\necho \"SUCCESS\" > \"${SCRIPT_OUTPUT_FILE_0}\"\n";
			showEnvVarsInLog = 0;
		};
		96EDD426080FF12204C9CA97 /* [CP] Embed Pods Frameworks */ = {
			isa = PBXShellScriptBuildPhase;
			buildActionMask = 2147483647;
			files = (
			);
			inputPaths = (
				"${SRCROOT}/Pods/Target Support Files/Pods-NetworkTest_cw19/Pods-NetworkTest_cw19-frameworks.sh",
				"${BUILT_PRODUCTS_DIR}/Alamofire/Alamofire.framework",
				"${BUILT_PRODUCTS_DIR}/SwiftyJSON/SwiftyJSON.framework",
			);
			name = "[CP] Embed Pods Frameworks";
			outputPaths = (
				"${TARGET_BUILD_DIR}/${FRAMEWORKS_FOLDER_PATH}/Alamofire.framework",
				"${TARGET_BUILD_DIR}/${FRAMEWORKS_FOLDER_PATH}/SwiftyJSON.framework",
			);
			runOnlyForDeploymentPostprocessing = 0;
			shellPath = /bin/sh;
			shellScript = "\"${SRCROOT}/Pods/Target Support Files/Pods-NetworkTest_cw19/Pods-NetworkTest_cw19-frameworks.sh\"\n";
			showEnvVarsInLog = 0;
		};
/* End PBXShellScriptBuildPhase section */

/* Begin PBXSourcesBuildPhase section */
		88A33F341FDAA90D0072A3CA /* Sources */ = {
			isa = PBXSourcesBuildPhase;
			buildActionMask = 2147483647;
			files = (
				88A33F4E1FDAD8900072A3CA /* Post.swift in Sources */,
				88A33F3E1FDAA90D0072A3CA /* ViewController.swift in Sources */,
				88A33F3C1FDAA90D0072A3CA /* AppDelegate.swift in Sources */,
			);
			runOnlyForDeploymentPostprocessing = 0;
		};
/* End PBXSourcesBuildPhase section */

/* Begin PBXVariantGroup section */
		88A33F3F1FDAA90D0072A3CA /* Main.storyboard */ = {
			isa = PBXVariantGroup;
			children = (
				88A33F401FDAA90D0072A3CA /* Base */,
			);
			name = Main.storyboard;
			sourceTree = "<group>";
		};
		88A33F441FDAA90D0072A3CA /* LaunchScreen.storyboard */ = {
			isa = PBXVariantGroup;
			children = (
				88A33F451FDAA90D0072A3CA /* Base */,
			);
			name = LaunchScreen.storyboard;
			sourceTree = "<group>";
		};
/* End PBXVariantGroup section */

/* Begin XCBuildConfiguration section */
		88A33F481FDAA90D0072A3CA /* Debug */ = {
			isa = XCBuildConfiguration;
			buildSettings = {
				ALWAYS_SEARCH_USER_PATHS = NO;
				CLANG_ANALYZER_NONNULL = YES;
				CLANG_ANALYZER_NUMBER_OBJECT_CONVERSION = YES_AGGRESSIVE;
				CLANG_CXX_LANGUAGE_STANDARD = "gnu++14";
				CLANG_CXX_LIBRARY = "libc++";
				CLANG_ENABLE_MODULES = YES;
				CLANG_ENABLE_OBJC_ARC = YES;
				CLANG_WARN_BLOCK_CAPTURE_AUTORELEASING = YES;
				CLANG_WARN_BOOL_CONVERSION = YES;
				CLANG_WARN_COMMA = YES;
				CLANG_WARN_CONSTANT_CONVERSION = YES;
				CLANG_WARN_DIRECT_OBJC_ISA_USAGE = YES_ERROR;
				CLANG_WARN_DOCUMENTATION_COMMENTS = YES;
				CLANG_WARN_EMPTY_BODY = YES;
				CLANG_WARN_ENUM_CONVERSION = YES;
				CLANG_WARN_INFINITE_RECURSION = YES;
				CLANG_WARN_INT_CONVERSION = YES;
				CLANG_WARN_NON_LITERAL_NULL_CONVERSION = YES;
				CLANG_WARN_OBJC_LITERAL_CONVERSION = YES;
				CLANG_WARN_OBJC_ROOT_CLASS = YES_ERROR;
				CLANG_WARN_RANGE_LOOP_ANALYSIS = YES;
				CLANG_WARN_STRICT_PROTOTYPES = YES;
				CLANG_WARN_SUSPICIOUS_MOVE = YES;
				CLANG_WARN_UNGUARDED_AVAILABILITY = YES_AGGRESSIVE;
				CLANG_WARN_UNREACHABLE_CODE = YES;
				CLANG_WARN__DUPLICATE_METHOD_MATCH = YES;
				CODE_SIGN_IDENTITY = "iPhone Developer";
				COPY_PHASE_STRIP = NO;
				DEBUG_INFORMATION_FORMAT = dwarf;
				ENABLE_STRICT_OBJC_MSGSEND = YES;
				ENABLE_TESTABILITY = YES;
				GCC_C_LANGUAGE_STANDARD = gnu11;
				GCC_DYNAMIC_NO_PIC = NO;
				GCC_NO_COMMON_BLOCKS = YES;
				GCC_OPTIMIZATION_LEVEL = 0;
				GCC_PREPROCESSOR_DEFINITIONS = (
					"DEBUG=1",
					"$(inherited)",
				);
				GCC_WARN_64_TO_32_BIT_CONVERSION = YES;
				GCC_WARN_ABOUT_RETURN_TYPE = YES_ERROR;
				GCC_WARN_UNDECLARED_SELECTOR = YES;
				GCC_WARN_UNINITIALIZED_AUTOS = YES_AGGRESSIVE;
				GCC_WARN_UNUSED_FUNCTION = YES;
				GCC_WARN_UNUSED_VARIABLE = YES;
				IPHONEOS_DEPLOYMENT_TARGET = 11.1;
				MTL_ENABLE_DEBUG_INFO = YES;
				ONLY_ACTIVE_ARCH = YES;
				SDKROOT = iphoneos;
				SWIFT_ACTIVE_COMPILATION_CONDITIONS = DEBUG;
				SWIFT_OPTIMIZATION_LEVEL = "-Onone";
			};
			name = Debug;
		};
		88A33F491FDAA90D0072A3CA /* Release */ = {
			isa = XCBuildConfiguration;
			buildSettings = {
				ALWAYS_SEARCH_USER_PATHS = NO;
				CLANG_ANALYZER_NONNULL = YES;
				CLANG_ANALYZER_NUMBER_OBJECT_CONVERSION = YES_AGGRESSIVE;
				CLANG_CXX_LANGUAGE_STANDARD = "gnu++14";
				CLANG_CXX_LIBRARY = "libc++";
				CLANG_ENABLE_MODULES = YES;
				CLANG_ENABLE_OBJC_ARC = YES;
				CLANG_WARN_BLOCK_CAPTURE_AUTORELEASING = YES;
				CLANG_WARN_BOOL_CONVERSION = YES;
				CLANG_WARN_COMMA = YES;
				CLANG_WARN_CONSTANT_CONVERSION = YES;
				CLANG_WARN_DIRECT_OBJC_ISA_USAGE = YES_ERROR;
				CLANG_WARN_DOCUMENTATION_COMMENTS = YES;
				CLANG_WARN_EMPTY_BODY = YES;
				CLANG_WARN_ENUM_CONVERSION = YES;
				CLANG_WARN_INFINITE_RECURSION = YES;
				CLANG_WARN_INT_CONVERSION = YES;
				CLANG_WARN_NON_LITERAL_NULL_CONVERSION = YES;
				CLANG_WARN_OBJC_LITERAL_CONVERSION = YES;
				CLANG_WARN_OBJC_ROOT_CLASS = YES_ERROR;
				CLANG_WARN_RANGE_LOOP_ANALYSIS = YES;
				CLANG_WARN_STRICT_PROTOTYPES = YES;
				CLANG_WARN_SUSPICIOUS_MOVE = YES;
				CLANG_WARN_UNGUARDED_AVAILABILITY = YES_AGGRESSIVE;
				CLANG_WARN_UNREACHABLE_CODE = YES;
				CLANG_WARN__DUPLICATE_METHOD_MATCH = YES;
				CODE_SIGN_IDENTITY = "iPhone Developer";
				COPY_PHASE_STRIP = NO;
				DEBUG_INFORMATION_FORMAT = "dwarf-with-dsym";
				ENABLE_NS_ASSERTIONS = NO;
				ENABLE_STRICT_OBJC_MSGSEND = YES;
				GCC_C_LANGUAGE_STANDARD = gnu11;
				GCC_NO_COMMON_BLOCKS = YES;
				GCC_WARN_64_TO_32_BIT_CONVERSION = YES;
				GCC_WARN_ABOUT_RETURN_TYPE = YES_ERROR;
				GCC_WARN_UNDECLARED_SELECTOR = YES;
				GCC_WARN_UNINITIALIZED_AUTOS = YES_AGGRESSIVE;
				GCC_WARN_UNUSED_FUNCTION = YES;
				GCC_WARN_UNUSED_VARIABLE = YES;
				IPHONEOS_DEPLOYMENT_TARGET = 11.1;
				MTL_ENABLE_DEBUG_INFO = NO;
				SDKROOT = iphoneos;
				SWIFT_OPTIMIZATION_LEVEL = "-Owholemodule";
				VALIDATE_PRODUCT = YES;
			};
			name = Release;
		};
		88A33F4B1FDAA90D0072A3CA /* Debug */ = {
			isa = XCBuildConfiguration;
			baseConfigurationReference = EB8F7B7ADB0220154C5AF939 /* Pods-NetworkTest_cw19.debug.xcconfig */;
			buildSettings = {
				ASSETCATALOG_COMPILER_APPICON_NAME = AppIcon;
				CODE_SIGN_STYLE = Automatic;
				DEVELOPMENT_TEAM = FX7KZ75KQ4;
				INFOPLIST_FILE = NetworkTest_cw19/Info.plist;
				LD_RUNPATH_SEARCH_PATHS = "$(inherited) @executable_path/Frameworks";
				PRODUCT_BUNDLE_IDENTIFIER = "SG.NetworkTest-cw19";
				PRODUCT_NAME = "$(TARGET_NAME)";
				SWIFT_VERSION = 4.0;
				TARGETED_DEVICE_FAMILY = "1,2";
			};
			name = Debug;
		};
		88A33F4C1FDAA90D0072A3CA /* Release */ = {
			isa = XCBuildConfiguration;
			baseConfigurationReference = 572772312DB4C7FC9F2E863E /* Pods-NetworkTest_cw19.release.xcconfig */;
			buildSettings = {
				ASSETCATALOG_COMPILER_APPICON_NAME = AppIcon;
				CODE_SIGN_STYLE = Automatic;
				DEVELOPMENT_TEAM = FX7KZ75KQ4;
				INFOPLIST_FILE = NetworkTest_cw19/Info.plist;
				LD_RUNPATH_SEARCH_PATHS = "$(inherited) @executable_path/Frameworks";
				PRODUCT_BUNDLE_IDENTIFIER = "SG.NetworkTest-cw19";
				PRODUCT_NAME = "$(TARGET_NAME)";
				SWIFT_VERSION = 4.0;
				TARGETED_DEVICE_FAMILY = "1,2";
			};
			name = Release;
		};
/* End XCBuildConfiguration section */

/* Begin XCConfigurationList section */
		88A33F331FDAA90D0072A3CA /* Build configuration list for PBXProject "NetworkTest_cw19" */ = {
			isa = XCConfigurationList;
			buildConfigurations = (
				88A33F481FDAA90D0072A3CA /* Debug */,
				88A33F491FDAA90D0072A3CA /* Release */,
			);
			defaultConfigurationIsVisible = 0;
			defaultConfigurationName = Release;
		};
		88A33F4A1FDAA90D0072A3CA /* Build configuration list for PBXNativeTarget "NetworkTest_cw19" */ = {
			isa = XCConfigurationList;
			buildConfigurations = (
				88A33F4B1FDAA90D0072A3CA /* Debug */,
				88A33F4C1FDAA90D0072A3CA /* Release */,
			);
			defaultConfigurationIsVisible = 0;
			defaultConfigurationName = Release;
		};
/* End XCConfigurationList section */
	};
	rootObject = 88A33F301FDAA90D0072A3CA /* Project object */;
}
